
Microsoft Visual Studio Solution File, Format Version 12.00
# Visual Studio Version 17
VisualStudioVersion = 17.13.35818.85 d17.13
MinimumVisualStudioVersion = 10.0.40219.1
Project("{FAE04EC0-301F-11D3-BF4B-00C04F79EFBC}") = "FusionCacheApplication", "FusionCacheApplication\FusionCacheApplication.csproj", "{45ED7523-B611-5DA9-7342-8A8A87E41457}"
EndProject
Project("{FAE04EC0-301F-11D3-BF4B-00C04F79EFBC}") = "FusionCacheApplication.AppHost", "FusionCacheApplication.AppHost\FusionCacheApplication.AppHost.csproj", "{172D98D4-5A03-4871-829A-34A98EE44C81}"
EndProject
Project("{FAE04EC0-301F-11D3-BF4B-00C04F79EFBC}") = "FusionCacheApplication.ServiceDefaults", "FusionCacheApplication.ServiceDefaults\FusionCacheApplication.ServiceDefaults.csproj", "{42E43B0C-E3BC-582D-C6BD-458921DFCF82}"
EndProject
Global
	GlobalSection(SolutionConfigurationPlatforms) = preSolution
		Debug|Any CPU = Debug|Any CPU
		Release|Any CPU = Release|Any CPU
	EndGlobalSection
	GlobalSection(ProjectConfigurationPlatforms) = postSolution
		{45ED7523-B611-5DA9-7342-8A8A87E41457}.Debug|Any CPU.ActiveCfg = Debug|Any CPU
		{45ED7523-B611-5DA9-7342-8A8A87E41457}.Debug|Any CPU.Build.0 = Debug|Any CPU
		{45ED7523-B611-5DA9-7342-8A8A87E41457}.Release|Any CPU.ActiveCfg = Release|Any CPU
		{45ED7523-B611-5DA9-7342-8A8A87E41457}.Release|Any CPU.Build.0 = Release|Any CPU
		{172D98D4-5A03-4871-829A-34A98EE44C81}.Debug|Any CPU.ActiveCfg = Debug|Any CPU
		{172D98D4-5A03-4871-829A-34A98EE44C81}.Debug|Any CPU.Build.0 = Debug|Any CPU
		{172D98D4-5A03-4871-829A-34A98EE44C81}.Release|Any CPU.ActiveCfg = Release|Any CPU
		{172D98D4-5A03-4871-829A-34A98EE44C81}.Release|Any CPU.Build.0 = Release|Any CPU
		{42E43B0C-E3BC-582D-C6BD-458921DFCF82}.Debug|Any CPU.ActiveCfg = Debug|Any CPU
		{42E43B0C-E3BC-582D-C6BD-458921DFCF82}.Debug|Any CPU.Build.0 = Debug|Any CPU
		{42E43B0C-E3BC-582D-C6BD-458921DFCF82}.Release|Any CPU.ActiveCfg = Release|Any CPU
		{42E43B0C-E3BC-582D-C6BD-458921DFCF82}.Release|Any CPU.Build.0 = Release|Any CPU
	EndGlobalSection
	GlobalSection(SolutionProperties) = preSolution
		HideSolutionNode = FALSE
	EndGlobalSection
	GlobalSection(ExtensibilityGlobals) = postSolution
		SolutionGuid = {A1ADF251-AEB1-443A-8EE7-720A329C70C8}
	EndGlobalSection
EndGlobal
